
Microsoft Visual Studio Solution File, Format Version 12.00
# Visual Studio Version 16
VisualStudioVersion = 16.0.31729.503
MinimumVisualStudioVersion = 10.0.40219.1
Project("{FAE04EC0-301F-11D3-BF4B-00C04F79EFBC}") = "NI_task4", "NI_task4\NI_task4.csproj", "{DE13B392-4A0D-439B-9298-00DA2FF6E26B}"
EndProject
Global
	GlobalSection(SolutionConfigurationPlatforms) = preSolution
		Debug|Any CPU = Debug|Any CPU
		Release|Any CPU = Release|Any CPU
	EndGlobalSection
	GlobalSection(ProjectConfigurationPlatforms) = postSolution
		{DE13B392-4A0D-439B-9298-00DA2FF6E26B}.Debug|Any CPU.ActiveCfg = Debug|Any CPU
		{DE13B392-4A0D-439B-9298-00DA2FF6E26B}.Debug|Any CPU.Build.0 = Debug|Any CPU
		{DE13B392-4A0D-439B-9298-00DA2FF6E26B}.Release|Any CPU.ActiveCfg = Release|Any CPU
		{DE13B392-4A0D-439B-9298-00DA2FF6E26B}.Release|Any CPU.Build.0 = Release|Any CPU
	EndGlobalSection
	GlobalSection(SolutionProperties) = preSolution
		HideSolutionNode = FALSE
	EndGlobalSection
	GlobalSection(ExtensibilityGlobals) = postSolution
		SolutionGuid = {38009ADB-3448-4349-8692-0BC16866CD65}
	EndGlobalSection
EndGlobal
